
Microsoft Visual Studio Solution File, Format Version 12.00
# Visual Studio Version 17
VisualStudioVersion = 17.11.35208.52
MinimumVisualStudioVersion = 10.0.40219.1
Project("{FAE04EC0-301F-11D3-BF4B-00C04F79EFBC}") = "ASPLokaliseDemo", "ASPLokaliseDemo.csproj", "{5A4B7AF1-4246-443A-9DA6-C303F07D1BE6}"
EndProject
Global
	GlobalSection(SolutionConfigurationPlatforms) = preSolution
		Debug|Any CPU = Debug|Any CPU
		Release|Any CPU = Release|Any CPU
	EndGlobalSection
	GlobalSection(ProjectConfigurationPlatforms) = postSolution
		{5A4B7AF1-4246-443A-9DA6-C303F07D1BE6}.Debug|Any CPU.ActiveCfg = Debug|Any CPU
		{5A4B7AF1-4246-443A-9DA6-C303F07D1BE6}.Debug|Any CPU.Build.0 = Debug|Any CPU
		{5A4B7AF1-4246-443A-9DA6-C303F07D1BE6}.Release|Any CPU.ActiveCfg = Release|Any CPU
		{5A4B7AF1-4246-443A-9DA6-C303F07D1BE6}.Release|Any CPU.Build.0 = Release|Any CPU
	EndGlobalSection
	GlobalSection(SolutionProperties) = preSolution
		HideSolutionNode = FALSE
	EndGlobalSection
	GlobalSection(ExtensibilityGlobals) = postSolution
		SolutionGuid = {FC6155D9-08B1-4C67-82DC-22A70941915A}
	EndGlobalSection
EndGlobal
